
Microsoft Visual Studio Solution File, Format Version 12.00
# Visual Studio Version 16
VisualStudioVersion = 16.0.29728.190
MinimumVisualStudioVersion = 10.0.40219.1
Project("{9A19103F-16F7-4668-BE54-9A1E7A4F7556}") = "TestRecognition", "TestRecognition\TestRecognition.csproj", "{AFD6775A-DCD8-4D3F-9B30-3D6584656DDB}"
EndProject
Project("{9A19103F-16F7-4668-BE54-9A1E7A4F7556}") = "TestRecognition.Dto", "TestRecognition.DTO\TestRecognition.Dto.csproj", "{875FAD3D-8A02-4EA2-83AE-C250284E8173}"
EndProject
Project("{9A19103F-16F7-4668-BE54-9A1E7A4F7556}") = "TestRecognition.Services", "TestRecognition.Services\TestRecognition.Services.csproj", "{2D354B82-2871-4621-9402-998BD459F5E9}"
EndProject
Project("{9A19103F-16F7-4668-BE54-9A1E7A4F7556}") = "TestRecognition.Core", "TestRecognition.Startup\TestRecognition.Core.csproj", "{51D9FC8F-6218-4D8C-BAF8-045CE8AAB4C5}"
EndProject
Project("{9A19103F-16F7-4668-BE54-9A1E7A4F7556}") = "TestRecognition.Data", "TestRecognition.Data\TestRecognition.Data.csproj", "{F5ACD38B-B3B6-4A90-AF73-3AA995747A29}"
EndProject
Global
	GlobalSection(SolutionConfigurationPlatforms) = preSolution
		Debug|Any CPU = Debug|Any CPU
		Release|Any CPU = Release|Any CPU
	EndGlobalSection
	GlobalSection(ProjectConfigurationPlatforms) = postSolution
		{AFD6775A-DCD8-4D3F-9B30-3D6584656DDB}.Debug|Any CPU.ActiveCfg = Debug|Any CPU
		{AFD6775A-DCD8-4D3F-9B30-3D6584656DDB}.Debug|Any CPU.Build.0 = Debug|Any CPU
		{AFD6775A-DCD8-4D3F-9B30-3D6584656DDB}.Release|Any CPU.ActiveCfg = Release|Any CPU
		{AFD6775A-DCD8-4D3F-9B30-3D6584656DDB}.Release|Any CPU.Build.0 = Release|Any CPU
		{875FAD3D-8A02-4EA2-83AE-C250284E8173}.Debug|Any CPU.ActiveCfg = Debug|Any CPU
		{875FAD3D-8A02-4EA2-83AE-C250284E8173}.Debug|Any CPU.Build.0 = Debug|Any CPU
		{875FAD3D-8A02-4EA2-83AE-C250284E8173}.Release|Any CPU.ActiveCfg = Release|Any CPU
		{875FAD3D-8A02-4EA2-83AE-C250284E8173}.Release|Any CPU.Build.0 = Release|Any CPU
		{2D354B82-2871-4621-9402-998BD459F5E9}.Debug|Any CPU.ActiveCfg = Debug|Any CPU
		{2D354B82-2871-4621-9402-998BD459F5E9}.Debug|Any CPU.Build.0 = Debug|Any CPU
		{2D354B82-2871-4621-9402-998BD459F5E9}.Release|Any CPU.ActiveCfg = Release|Any CPU
		{2D354B82-2871-4621-9402-998BD459F5E9}.Release|Any CPU.Build.0 = Release|Any CPU
		{51D9FC8F-6218-4D8C-BAF8-045CE8AAB4C5}.Debug|Any CPU.ActiveCfg = Debug|Any CPU
		{51D9FC8F-6218-4D8C-BAF8-045CE8AAB4C5}.Debug|Any CPU.Build.0 = Debug|Any CPU
		{51D9FC8F-6218-4D8C-BAF8-045CE8AAB4C5}.Release|Any CPU.ActiveCfg = Release|Any CPU
		{51D9FC8F-6218-4D8C-BAF8-045CE8AAB4C5}.Release|Any CPU.Build.0 = Release|Any CPU
		{F5ACD38B-B3B6-4A90-AF73-3AA995747A29}.Debug|Any CPU.ActiveCfg = Debug|Any CPU
		{F5ACD38B-B3B6-4A90-AF73-3AA995747A29}.Debug|Any CPU.Build.0 = Debug|Any CPU
		{F5ACD38B-B3B6-4A90-AF73-3AA995747A29}.Release|Any CPU.ActiveCfg = Release|Any CPU
		{F5ACD38B-B3B6-4A90-AF73-3AA995747A29}.Release|Any CPU.Build.0 = Release|Any CPU
	EndGlobalSection
	GlobalSection(SolutionProperties) = preSolution
		HideSolutionNode = FALSE
	EndGlobalSection
	GlobalSection(ExtensibilityGlobals) = postSolution
		SolutionGuid = {2166E50F-0844-47FD-B6BF-0EB6FCED4E57}
	EndGlobalSection
EndGlobal
